
Microsoft Visual Studio Solution File, Format Version 12.00
# Visual Studio 15
VisualStudioVersion = 15.0.26124.0
MinimumVisualStudioVersion = 15.0.26124.0
Project("{2150E333-8FDC-42A3-9474-1A3956D46DE8}") = "src", "src", "{FF4ADF6B-4A09-4DA3-8994-A96E83B6E110}"
EndProject
Project("{FAE04EC0-301F-11D3-BF4B-00C04F79EFBC}") = "FixedTextSerializer", "src\FixedTextSerializer\FixedTextSerializer.csproj", "{2825FA7B-2DF4-4A06-A080-E76F26F02834}"
EndProject
Project("{2150E333-8FDC-42A3-9474-1A3956D46DE8}") = "tests", "tests", "{A0395774-FBD5-48AD-A20E-2562F2C8F5E7}"
EndProject
Project("{FAE04EC0-301F-11D3-BF4B-00C04F79EFBC}") = "FixedTextSerializer.Tests", "tests\FixedTextSerializer.Tests\FixedTextSerializer.Tests.csproj", "{177E5988-54D1-4EEF-9DDA-F1E98B6E65DC}"
EndProject
Global
	GlobalSection(SolutionProperties) = preSolution
		HideSolutionNode = FALSE
	EndGlobalSection
	GlobalSection(SolutionConfigurationPlatforms) = preSolution
		Debug|Any CPU = Debug|Any CPU
		Debug|x64 = Debug|x64
		Debug|x86 = Debug|x86
		Release|Any CPU = Release|Any CPU
		Release|x64 = Release|x64
		Release|x86 = Release|x86
	EndGlobalSection
	GlobalSection(ProjectConfigurationPlatforms) = postSolution
		{2825FA7B-2DF4-4A06-A080-E76F26F02834}.Debug|Any CPU.ActiveCfg = Debug|Any CPU
		{2825FA7B-2DF4-4A06-A080-E76F26F02834}.Debug|Any CPU.Build.0 = Debug|Any CPU
		{2825FA7B-2DF4-4A06-A080-E76F26F02834}.Debug|x64.ActiveCfg = Debug|Any CPU
		{2825FA7B-2DF4-4A06-A080-E76F26F02834}.Debug|x64.Build.0 = Debug|Any CPU
		{2825FA7B-2DF4-4A06-A080-E76F26F02834}.Debug|x86.ActiveCfg = Debug|Any CPU
		{2825FA7B-2DF4-4A06-A080-E76F26F02834}.Debug|x86.Build.0 = Debug|Any CPU
		{2825FA7B-2DF4-4A06-A080-E76F26F02834}.Release|Any CPU.ActiveCfg = Release|Any CPU
		{2825FA7B-2DF4-4A06-A080-E76F26F02834}.Release|Any CPU.Build.0 = Release|Any CPU
		{2825FA7B-2DF4-4A06-A080-E76F26F02834}.Release|x64.ActiveCfg = Release|Any CPU
		{2825FA7B-2DF4-4A06-A080-E76F26F02834}.Release|x64.Build.0 = Release|Any CPU
		{2825FA7B-2DF4-4A06-A080-E76F26F02834}.Release|x86.ActiveCfg = Release|Any CPU
		{2825FA7B-2DF4-4A06-A080-E76F26F02834}.Release|x86.Build.0 = Release|Any CPU
		{177E5988-54D1-4EEF-9DDA-F1E98B6E65DC}.Debug|Any CPU.ActiveCfg = Debug|Any CPU
		{177E5988-54D1-4EEF-9DDA-F1E98B6E65DC}.Debug|Any CPU.Build.0 = Debug|Any CPU
		{177E5988-54D1-4EEF-9DDA-F1E98B6E65DC}.Debug|x64.ActiveCfg = Debug|Any CPU
		{177E5988-54D1-4EEF-9DDA-F1E98B6E65DC}.Debug|x64.Build.0 = Debug|Any CPU
		{177E5988-54D1-4EEF-9DDA-F1E98B6E65DC}.Debug|x86.ActiveCfg = Debug|Any CPU
		{177E5988-54D1-4EEF-9DDA-F1E98B6E65DC}.Debug|x86.Build.0 = Debug|Any CPU
		{177E5988-54D1-4EEF-9DDA-F1E98B6E65DC}.Release|Any CPU.ActiveCfg = Release|Any CPU
		{177E5988-54D1-4EEF-9DDA-F1E98B6E65DC}.Release|Any CPU.Build.0 = Release|Any CPU
		{177E5988-54D1-4EEF-9DDA-F1E98B6E65DC}.Release|x64.ActiveCfg = Release|Any CPU
		{177E5988-54D1-4EEF-9DDA-F1E98B6E65DC}.Release|x64.Build.0 = Release|Any CPU
		{177E5988-54D1-4EEF-9DDA-F1E98B6E65DC}.Release|x86.ActiveCfg = Release|Any CPU
		{177E5988-54D1-4EEF-9DDA-F1E98B6E65DC}.Release|x86.Build.0 = Release|Any CPU
	EndGlobalSection
	GlobalSection(NestedProjects) = preSolution
		{2825FA7B-2DF4-4A06-A080-E76F26F02834} = {FF4ADF6B-4A09-4DA3-8994-A96E83B6E110}
		{177E5988-54D1-4EEF-9DDA-F1E98B6E65DC} = {A0395774-FBD5-48AD-A20E-2562F2C8F5E7}
	EndGlobalSection
EndGlobal
